
Microsoft Visual Studio Solution File, Format Version 12.00
# Visual Studio Version 17
VisualStudioVersion = 17.8.34511.84
MinimumVisualStudioVersion = 10.0.40219.1
Project("{8BC9CEB8-8B4A-11D0-8D11-00A0C91BC942}") = "S24_Uriel_Trejo", "S24_Uriel_Trejo\S24_Uriel_Trejo.vcxproj", "{EDD98FA4-2A70-44EF-ABF7-B6C68DCF2D76}"
EndProject
Project("{8BC9CEB8-8B4A-11D0-8D11-00A0C91BC942}") = "Toad", "Toad\Toad.vcxproj", "{6867AB80-A535-4AE3-8DAB-958C0040BE6A}"
EndProject
Project("{8BC9CEB8-8B4A-11D0-8D11-00A0C91BC942}") = "glfw", "glfw_build\src\glfw.vcxproj", "{98ABF8BD-EE1C-3B25-81A9-C1C4604386F2}"
EndProject
Project("{8BC9CEB8-8B4A-11D0-8D11-00A0C91BC942}") = "glad", "glad\glad.vcxproj", "{495D80AA-2B5B-4CA3-8A24-B385B4C18ACB}"
EndProject
Project("{8BC9CEB8-8B4A-11D0-8D11-00A0C91BC942}") = "stbi", "stbi\stbi.vcxproj", "{A6162973-2E8E-4012-9DE5-F9E45A31E36E}"
EndProject
Global
	GlobalSection(SolutionConfigurationPlatforms) = preSolution
		Debug|x64 = Debug|x64
		Debug|x86 = Debug|x86
		MinSizeRel|x64 = MinSizeRel|x64
		MinSizeRel|x86 = MinSizeRel|x86
		Release|x64 = Release|x64
		Release|x86 = Release|x86
		RelWithDebInfo|x64 = RelWithDebInfo|x64
		RelWithDebInfo|x86 = RelWithDebInfo|x86
	EndGlobalSection
	GlobalSection(ProjectConfigurationPlatforms) = postSolution
		{EDD98FA4-2A70-44EF-ABF7-B6C68DCF2D76}.Debug|x64.ActiveCfg = Debug|x64
		{EDD98FA4-2A70-44EF-ABF7-B6C68DCF2D76}.Debug|x64.Build.0 = Debug|x64
		{EDD98FA4-2A70-44EF-ABF7-B6C68DCF2D76}.Debug|x86.ActiveCfg = Debug|Win32
		{EDD98FA4-2A70-44EF-ABF7-B6C68DCF2D76}.Debug|x86.Build.0 = Debug|Win32
		{EDD98FA4-2A70-44EF-ABF7-B6C68DCF2D76}.MinSizeRel|x64.ActiveCfg = Release|x64
		{EDD98FA4-2A70-44EF-ABF7-B6C68DCF2D76}.MinSizeRel|x64.Build.0 = Release|x64
		{EDD98FA4-2A70-44EF-ABF7-B6C68DCF2D76}.MinSizeRel|x86.ActiveCfg = Debug|Win32
		{EDD98FA4-2A70-44EF-ABF7-B6C68DCF2D76}.MinSizeRel|x86.Build.0 = Debug|Win32
		{EDD98FA4-2A70-44EF-ABF7-B6C68DCF2D76}.Release|x64.ActiveCfg = Release|x64
		{EDD98FA4-2A70-44EF-ABF7-B6C68DCF2D76}.Release|x64.Build.0 = Release|x64
		{EDD98FA4-2A70-44EF-ABF7-B6C68DCF2D76}.Release|x86.ActiveCfg = Release|Win32
		{EDD98FA4-2A70-44EF-ABF7-B6C68DCF2D76}.Release|x86.Build.0 = Release|Win32
		{EDD98FA4-2A70-44EF-ABF7-B6C68DCF2D76}.RelWithDebInfo|x64.ActiveCfg = Release|x64
		{EDD98FA4-2A70-44EF-ABF7-B6C68DCF2D76}.RelWithDebInfo|x64.Build.0 = Release|x64
		{EDD98FA4-2A70-44EF-ABF7-B6C68DCF2D76}.RelWithDebInfo|x86.ActiveCfg = Release|Win32
		{EDD98FA4-2A70-44EF-ABF7-B6C68DCF2D76}.RelWithDebInfo|x86.Build.0 = Release|Win32
		{6867AB80-A535-4AE3-8DAB-958C0040BE6A}.Debug|x64.ActiveCfg = Debug|x64
		{6867AB80-A535-4AE3-8DAB-958C0040BE6A}.Debug|x64.Build.0 = Debug|x64
		{6867AB80-A535-4AE3-8DAB-958C0040BE6A}.Debug|x86.ActiveCfg = Debug|Win32
		{6867AB80-A535-4AE3-8DAB-958C0040BE6A}.Debug|x86.Build.0 = Debug|Win32
		{6867AB80-A535-4AE3-8DAB-958C0040BE6A}.MinSizeRel|x64.ActiveCfg = Release|x64
		{6867AB80-A535-4AE3-8DAB-958C0040BE6A}.MinSizeRel|x64.Build.0 = Release|x64
		{6867AB80-A535-4AE3-8DAB-958C0040BE6A}.MinSizeRel|x86.ActiveCfg = Debug|Win32
		{6867AB80-A535-4AE3-8DAB-958C0040BE6A}.MinSizeRel|x86.Build.0 = Debug|Win32
		{6867AB80-A535-4AE3-8DAB-958C0040BE6A}.Release|x64.ActiveCfg = Release|x64
		{6867AB80-A535-4AE3-8DAB-958C0040BE6A}.Release|x64.Build.0 = Release|x64
		{6867AB80-A535-4AE3-8DAB-958C0040BE6A}.Release|x86.ActiveCfg = Release|Win32
		{6867AB80-A535-4AE3-8DAB-958C0040BE6A}.Release|x86.Build.0 = Release|Win32
		{6867AB80-A535-4AE3-8DAB-958C0040BE6A}.RelWithDebInfo|x64.ActiveCfg = Release|x64
		{6867AB80-A535-4AE3-8DAB-958C0040BE6A}.RelWithDebInfo|x64.Build.0 = Release|x64
		{6867AB80-A535-4AE3-8DAB-958C0040BE6A}.RelWithDebInfo|x86.ActiveCfg = Release|Win32
		{6867AB80-A535-4AE3-8DAB-958C0040BE6A}.RelWithDebInfo|x86.Build.0 = Release|Win32
		{98ABF8BD-EE1C-3B25-81A9-C1C4604386F2}.Debug|x64.ActiveCfg = Debug|x64
		{98ABF8BD-EE1C-3B25-81A9-C1C4604386F2}.Debug|x64.Build.0 = Debug|x64
		{98ABF8BD-EE1C-3B25-81A9-C1C4604386F2}.Debug|x86.ActiveCfg = Debug|x64
		{98ABF8BD-EE1C-3B25-81A9-C1C4604386F2}.Debug|x86.Build.0 = Debug|x64
		{98ABF8BD-EE1C-3B25-81A9-C1C4604386F2}.MinSizeRel|x64.ActiveCfg = MinSizeRel|x64
		{98ABF8BD-EE1C-3B25-81A9-C1C4604386F2}.MinSizeRel|x64.Build.0 = MinSizeRel|x64
		{98ABF8BD-EE1C-3B25-81A9-C1C4604386F2}.MinSizeRel|x86.ActiveCfg = MinSizeRel|x64
		{98ABF8BD-EE1C-3B25-81A9-C1C4604386F2}.MinSizeRel|x86.Build.0 = MinSizeRel|x64
		{98ABF8BD-EE1C-3B25-81A9-C1C4604386F2}.Release|x64.ActiveCfg = Release|x64
		{98ABF8BD-EE1C-3B25-81A9-C1C4604386F2}.Release|x64.Build.0 = Release|x64
		{98ABF8BD-EE1C-3B25-81A9-C1C4604386F2}.Release|x86.ActiveCfg = Release|x64
		{98ABF8BD-EE1C-3B25-81A9-C1C4604386F2}.Release|x86.Build.0 = Release|x64
		{98ABF8BD-EE1C-3B25-81A9-C1C4604386F2}.RelWithDebInfo|x64.ActiveCfg = RelWithDebInfo|x64
		{98ABF8BD-EE1C-3B25-81A9-C1C4604386F2}.RelWithDebInfo|x64.Build.0 = RelWithDebInfo|x64
		{98ABF8BD-EE1C-3B25-81A9-C1C4604386F2}.RelWithDebInfo|x86.ActiveCfg = RelWithDebInfo|x64
		{98ABF8BD-EE1C-3B25-81A9-C1C4604386F2}.RelWithDebInfo|x86.Build.0 = RelWithDebInfo|x64
		{495D80AA-2B5B-4CA3-8A24-B385B4C18ACB}.Debug|x64.ActiveCfg = Debug|x64
		{495D80AA-2B5B-4CA3-8A24-B385B4C18ACB}.Debug|x64.Build.0 = Debug|x64
		{495D80AA-2B5B-4CA3-8A24-B385B4C18ACB}.Debug|x86.ActiveCfg = Debug|Win32
		{495D80AA-2B5B-4CA3-8A24-B385B4C18ACB}.Debug|x86.Build.0 = Debug|Win32
		{495D80AA-2B5B-4CA3-8A24-B385B4C18ACB}.MinSizeRel|x64.ActiveCfg = Debug|x64
		{495D80AA-2B5B-4CA3-8A24-B385B4C18ACB}.MinSizeRel|x64.Build.0 = Debug|x64
		{495D80AA-2B5B-4CA3-8A24-B385B4C18ACB}.MinSizeRel|x86.ActiveCfg = Debug|Win32
		{495D80AA-2B5B-4CA3-8A24-B385B4C18ACB}.MinSizeRel|x86.Build.0 = Debug|Win32
		{495D80AA-2B5B-4CA3-8A24-B385B4C18ACB}.Release|x64.ActiveCfg = Release|x64
		{495D80AA-2B5B-4CA3-8A24-B385B4C18ACB}.Release|x64.Build.0 = Release|x64
		{495D80AA-2B5B-4CA3-8A24-B385B4C18ACB}.Release|x86.ActiveCfg = Release|Win32
		{495D80AA-2B5B-4CA3-8A24-B385B4C18ACB}.Release|x86.Build.0 = Release|Win32
		{495D80AA-2B5B-4CA3-8A24-B385B4C18ACB}.RelWithDebInfo|x64.ActiveCfg = Release|x64
		{495D80AA-2B5B-4CA3-8A24-B385B4C18ACB}.RelWithDebInfo|x64.Build.0 = Release|x64
		{495D80AA-2B5B-4CA3-8A24-B385B4C18ACB}.RelWithDebInfo|x86.ActiveCfg = Release|Win32
		{495D80AA-2B5B-4CA3-8A24-B385B4C18ACB}.RelWithDebInfo|x86.Build.0 = Release|Win32
		{A6162973-2E8E-4012-9DE5-F9E45A31E36E}.Debug|x64.ActiveCfg = Debug|x64
		{A6162973-2E8E-4012-9DE5-F9E45A31E36E}.Debug|x64.Build.0 = Debug|x64
		{A6162973-2E8E-4012-9DE5-F9E45A31E36E}.Debug|x86.ActiveCfg = Debug|Win32
		{A6162973-2E8E-4012-9DE5-F9E45A31E36E}.Debug|x86.Build.0 = Debug|Win32
		{A6162973-2E8E-4012-9DE5-F9E45A31E36E}.MinSizeRel|x64.ActiveCfg = Debug|x64
		{A6162973-2E8E-4012-9DE5-F9E45A31E36E}.MinSizeRel|x64.Build.0 = Debug|x64
		{A6162973-2E8E-4012-9DE5-F9E45A31E36E}.MinSizeRel|x86.ActiveCfg = Debug|Win32
		{A6162973-2E8E-4012-9DE5-F9E45A31E36E}.MinSizeRel|x86.Build.0 = Debug|Win32
		{A6162973-2E8E-4012-9DE5-F9E45A31E36E}.Release|x64.ActiveCfg = Release|x64
		{A6162973-2E8E-4012-9DE5-F9E45A31E36E}.Release|x64.Build.0 = Release|x64
		{A6162973-2E8E-4012-9DE5-F9E45A31E36E}.Release|x86.ActiveCfg = Release|Win32
		{A6162973-2E8E-4012-9DE5-F9E45A31E36E}.Release|x86.Build.0 = Release|Win32
		{A6162973-2E8E-4012-9DE5-F9E45A31E36E}.RelWithDebInfo|x64.ActiveCfg = Release|x64
		{A6162973-2E8E-4012-9DE5-F9E45A31E36E}.RelWithDebInfo|x64.Build.0 = Release|x64
		{A6162973-2E8E-4012-9DE5-F9E45A31E36E}.RelWithDebInfo|x86.ActiveCfg = Release|Win32
		{A6162973-2E8E-4012-9DE5-F9E45A31E36E}.RelWithDebInfo|x86.Build.0 = Release|Win32
	EndGlobalSection
	GlobalSection(SolutionProperties) = preSolution
		HideSolutionNode = FALSE
	EndGlobalSection
	GlobalSection(ExtensibilityGlobals) = postSolution
		SolutionGuid = {86379B1F-18D8-4F73-9ED1-7E66D172E223}
	EndGlobalSection
EndGlobal
